
Microsoft Visual Studio Solution File, Format Version 12.00
Project("{FAE04EC0-301F-11D3-BF4B-00C04F79EFBC}") = "Life", "Life\Life\Life.csproj", "{AC4CB37A-B8AC-41CA-9DBA-76794BF5DD7D}"
EndProject
Project("{FAE04EC0-301F-11D3-BF4B-00C04F79EFBC}") = "Life.Client", "Life\Life.Client\Life.Client.csproj", "{1DC330ED-7C71-4E62-A60C-6B3387DF60E2}"
EndProject
Project("{FAE04EC0-301F-11D3-BF4B-00C04F79EFBC}") = "Life.Shared", "Life.Shared\Life.Shared.csproj", "{C34381A2-1057-4E22-9DC1-812F2DC34A58}"
EndProject
Global
	GlobalSection(SolutionConfigurationPlatforms) = preSolution
		Debug|Any CPU = Debug|Any CPU
		Release|Any CPU = Release|Any CPU
	EndGlobalSection
	GlobalSection(ProjectConfigurationPlatforms) = postSolution
		{AC4CB37A-B8AC-41CA-9DBA-76794BF5DD7D}.Debug|Any CPU.ActiveCfg = Debug|Any CPU
		{AC4CB37A-B8AC-41CA-9DBA-76794BF5DD7D}.Debug|Any CPU.Build.0 = Debug|Any CPU
		{AC4CB37A-B8AC-41CA-9DBA-76794BF5DD7D}.Release|Any CPU.ActiveCfg = Release|Any CPU
		{AC4CB37A-B8AC-41CA-9DBA-76794BF5DD7D}.Release|Any CPU.Build.0 = Release|Any CPU
		{1DC330ED-7C71-4E62-A60C-6B3387DF60E2}.Debug|Any CPU.ActiveCfg = Debug|Any CPU
		{1DC330ED-7C71-4E62-A60C-6B3387DF60E2}.Debug|Any CPU.Build.0 = Debug|Any CPU
		{1DC330ED-7C71-4E62-A60C-6B3387DF60E2}.Release|Any CPU.ActiveCfg = Release|Any CPU
		{1DC330ED-7C71-4E62-A60C-6B3387DF60E2}.Release|Any CPU.Build.0 = Release|Any CPU
		{C34381A2-1057-4E22-9DC1-812F2DC34A58}.Debug|Any CPU.ActiveCfg = Debug|Any CPU
		{C34381A2-1057-4E22-9DC1-812F2DC34A58}.Debug|Any CPU.Build.0 = Debug|Any CPU
		{C34381A2-1057-4E22-9DC1-812F2DC34A58}.Release|Any CPU.ActiveCfg = Release|Any CPU
		{C34381A2-1057-4E22-9DC1-812F2DC34A58}.Release|Any CPU.Build.0 = Release|Any CPU
	EndGlobalSection
EndGlobal
